
Microsoft Visual Studio Solution File, Format Version 12.00
# Visual Studio 15
VisualStudioVersion = 15.0.26430.6
MinimumVisualStudioVersion = 10.0.40219.1
Project("{FAE04EC0-301F-11D3-BF4B-00C04F79EFBC}") = "2013226174-CON", "CajeroAutomatico\2013226174-CON.csproj", "{CA409BB6-B2A2-415C-86B7-D79BD39B3F2A}"
EndProject
Project("{FAE04EC0-301F-11D3-BF4B-00C04F79EFBC}") = "2013226174-ENT", "CajeroAutomatico.Entities\2013226174-ENT.csproj", "{808A38A8-8C0B-4DD6-B8E6-1FC1BEFF1040}"
EndProject
Project("{FAE04EC0-301F-11D3-BF4B-00C04F79EFBC}") = "2013226174-PER", "CajeroAutomatico.Persistence\2013226174-PER.csproj", "{EE60D15D-3B12-4021-9513-2FBFA0EE1259}"
EndProject
Project("{FAE04EC0-301F-11D3-BF4B-00C04F79EFBC}") = "2013226174-MVC", "2013226174-MVC\2013226174-MVC.csproj", "{5FD24929-EBC1-4D5F-9FE1-4FB320E52BF1}"
EndProject
Project("{FAE04EC0-301F-11D3-BF4B-00C04F79EFBC}") = "2013226174-API", "WebApplication1\2013226174-API.csproj", "{81E9FB5F-F60D-44F4-BB79-3CC220591134}"
EndProject
Global
	GlobalSection(SolutionConfigurationPlatforms) = preSolution
		Debug|Any CPU = Debug|Any CPU
		Release|Any CPU = Release|Any CPU
	EndGlobalSection
	GlobalSection(ProjectConfigurationPlatforms) = postSolution
		{CA409BB6-B2A2-415C-86B7-D79BD39B3F2A}.Debug|Any CPU.ActiveCfg = Debug|Any CPU
		{CA409BB6-B2A2-415C-86B7-D79BD39B3F2A}.Debug|Any CPU.Build.0 = Debug|Any CPU
		{CA409BB6-B2A2-415C-86B7-D79BD39B3F2A}.Release|Any CPU.ActiveCfg = Release|Any CPU
		{CA409BB6-B2A2-415C-86B7-D79BD39B3F2A}.Release|Any CPU.Build.0 = Release|Any CPU
		{808A38A8-8C0B-4DD6-B8E6-1FC1BEFF1040}.Debug|Any CPU.ActiveCfg = Debug|Any CPU
		{808A38A8-8C0B-4DD6-B8E6-1FC1BEFF1040}.Debug|Any CPU.Build.0 = Debug|Any CPU
		{808A38A8-8C0B-4DD6-B8E6-1FC1BEFF1040}.Release|Any CPU.ActiveCfg = Release|Any CPU
		{808A38A8-8C0B-4DD6-B8E6-1FC1BEFF1040}.Release|Any CPU.Build.0 = Release|Any CPU
		{EE60D15D-3B12-4021-9513-2FBFA0EE1259}.Debug|Any CPU.ActiveCfg = Debug|Any CPU
		{EE60D15D-3B12-4021-9513-2FBFA0EE1259}.Debug|Any CPU.Build.0 = Debug|Any CPU
		{EE60D15D-3B12-4021-9513-2FBFA0EE1259}.Release|Any CPU.ActiveCfg = Release|Any CPU
		{EE60D15D-3B12-4021-9513-2FBFA0EE1259}.Release|Any CPU.Build.0 = Release|Any CPU
		{5FD24929-EBC1-4D5F-9FE1-4FB320E52BF1}.Debug|Any CPU.ActiveCfg = Debug|Any CPU
		{5FD24929-EBC1-4D5F-9FE1-4FB320E52BF1}.Debug|Any CPU.Build.0 = Debug|Any CPU
		{5FD24929-EBC1-4D5F-9FE1-4FB320E52BF1}.Release|Any CPU.ActiveCfg = Release|Any CPU
		{5FD24929-EBC1-4D5F-9FE1-4FB320E52BF1}.Release|Any CPU.Build.0 = Release|Any CPU
		{81E9FB5F-F60D-44F4-BB79-3CC220591134}.Debug|Any CPU.ActiveCfg = Debug|Any CPU
		{81E9FB5F-F60D-44F4-BB79-3CC220591134}.Debug|Any CPU.Build.0 = Debug|Any CPU
		{81E9FB5F-F60D-44F4-BB79-3CC220591134}.Release|Any CPU.ActiveCfg = Release|Any CPU
		{81E9FB5F-F60D-44F4-BB79-3CC220591134}.Release|Any CPU.Build.0 = Release|Any CPU
	EndGlobalSection
	GlobalSection(SolutionProperties) = preSolution
		HideSolutionNode = FALSE
	EndGlobalSection
EndGlobal
